
Microsoft Visual Studio Solution File, Format Version 12.00
# Visual Studio Version 17
VisualStudioVersion = 17.4.33110.190
MinimumVisualStudioVersion = 10.0.40219.1
Project("{FAE04EC0-301F-11D3-BF4B-00C04F79EFBC}") = "BinaryNumber", "BinaryNumber.csproj", "{6A14E5AF-5386-4438-9CB4-E603B3308503}"
EndProject
Global
	GlobalSection(SolutionConfigurationPlatforms) = preSolution
		Debug|Any CPU = Debug|Any CPU
		Release|Any CPU = Release|Any CPU
	EndGlobalSection
	GlobalSection(ProjectConfigurationPlatforms) = postSolution
		{6A14E5AF-5386-4438-9CB4-E603B3308503}.Debug|Any CPU.ActiveCfg = Debug|Any CPU
		{6A14E5AF-5386-4438-9CB4-E603B3308503}.Debug|Any CPU.Build.0 = Debug|Any CPU
		{6A14E5AF-5386-4438-9CB4-E603B3308503}.Release|Any CPU.ActiveCfg = Release|Any CPU
		{6A14E5AF-5386-4438-9CB4-E603B3308503}.Release|Any CPU.Build.0 = Release|Any CPU
	EndGlobalSection
	GlobalSection(SolutionProperties) = preSolution
		HideSolutionNode = FALSE
	EndGlobalSection
	GlobalSection(ExtensibilityGlobals) = postSolution
		SolutionGuid = {6CF93717-4D88-4426-BC30-982498C12458}
	EndGlobalSection
EndGlobal
